{
  "name": "CRM_ShoesStore",
  "version": "1.0.0",
  "private": true,
  "workspaces": [
    "backend",
    "mobile",
    "admin"
  ],  
  "description": "",
  "main": "index.js",
  "scripts": {
    "test": "echo \"Error: no test specified\" && exit 1"
  },
  "keywords": [],
  "author": "",
  "license": "ISC",
  "type": "commonjs"
}
